PODS:
  - DIOCollectionView (0.1.0)
  - SCLAlertView (0.7.0)

DEPENDENCIES:
  - DIOCollectionView
  - SCLAlertView

SPEC CHECKSUMS:
  DIOCollectionView: b0be0b3abfbe2c39f6230d52315f0da9c495382f
  SCLAlertView: 8a14ffc40590c619e183eed2298b854385f30be1

PODFILE CHECKSUM: ea35e6cf4842bb701c1a0258dd5c353a4d5a2ccf

COCOAPODS: 1.1.0.rc.3
